
Microsoft Visual Studio Solution File, Format Version 12.00
Project("{FAE04EC0-301F-11D3-BF4B-00C04F79EFBC}") = "cwiczenia12", "cwiczenia12\cwiczenia12.csproj", "{73965488-3CC5-4E4F-A7C6-46609052295F}"
EndProject
Global
	GlobalSection(SolutionConfigurationPlatforms) = preSolution
		Debug|Any CPU = Debug|Any CPU
		Release|Any CPU = Release|Any CPU
	EndGlobalSection
	GlobalSection(ProjectConfigurationPlatforms) = postSolution
		{73965488-3CC5-4E4F-A7C6-46609052295F}.Debug|Any CPU.ActiveCfg = Debug|Any CPU
		{73965488-3CC5-4E4F-A7C6-46609052295F}.Debug|Any CPU.Build.0 = Debug|Any CPU
		{73965488-3CC5-4E4F-A7C6-46609052295F}.Release|Any CPU.ActiveCfg = Release|Any CPU
		{73965488-3CC5-4E4F-A7C6-46609052295F}.Release|Any CPU.Build.0 = Release|Any CPU
	EndGlobalSection
EndGlobal
